
Microsoft Visual Studio Solution File, Format Version 11.00
# Visual C# Express 2010
Project("{FAE04EC0-301F-11D3-BF4B-00C04F79EFBC}") = "map_explore", "map_explore\map_explore.csproj", "{AB5E1435-9784-40D8-A859-A69FDBC85946}"
EndProject
Project("{FAE04EC0-301F-11D3-BF4B-00C04F79EFBC}") = "Display_Map", "Display_Map\Display_Map.csproj", "{EC337544-73CF-40D0-AD09-FD1B2B9F932D}"
EndProject
Global
	GlobalSection(SolutionConfigurationPlatforms) = preSolution
		Debug|x86 = Debug|x86
		Release|x86 = Release|x86
	EndGlobalSection
	GlobalSection(ProjectConfigurationPlatforms) = postSolution
		{AB5E1435-9784-40D8-A859-A69FDBC85946}.Debug|x86.ActiveCfg = Debug|x86
		{AB5E1435-9784-40D8-A859-A69FDBC85946}.Debug|x86.Build.0 = Debug|x86
		{AB5E1435-9784-40D8-A859-A69FDBC85946}.Release|x86.ActiveCfg = Release|x86
		{AB5E1435-9784-40D8-A859-A69FDBC85946}.Release|x86.Build.0 = Release|x86
		{EC337544-73CF-40D0-AD09-FD1B2B9F932D}.Debug|x86.ActiveCfg = Debug|x86
		{EC337544-73CF-40D0-AD09-FD1B2B9F932D}.Debug|x86.Build.0 = Debug|x86
		{EC337544-73CF-40D0-AD09-FD1B2B9F932D}.Release|x86.ActiveCfg = Release|x86
		{EC337544-73CF-40D0-AD09-FD1B2B9F932D}.Release|x86.Build.0 = Release|x86
	EndGlobalSection
	GlobalSection(SolutionProperties) = preSolution
		HideSolutionNode = FALSE
	EndGlobalSection
EndGlobal
